PODS:
  - LCActionSheet (3.5.5):
    - Masonry (~> 1.1.0)
  - Masonry (1.1.0)
  - Reveal-SDK (24)

DEPENDENCIES:
  - LCActionSheet (from `../`)
  - Reveal-SDK

SPEC REPOS:
  trunk:
    - Masonry
    - Reveal-SDK

EXTERNAL SOURCES:
  LCActionSheet:
    :path: "../"

SPEC CHECKSUMS:
  LCActionSheet: e2cfc47a2438c411336fe314dd0e760d8df3d95a
  Masonry: 678fab65091a9290e40e2832a55e7ab731aad201
  Reveal-SDK: 5d7e56b8f018c0a88b3a2c10bf68d598bbd3b071

PODFILE CHECKSUM: d1c5359738e6459b34e6366aa6a8cd7fa303a04f

COCOAPODS: 1.8.4
